Microsoft Visual Studio Solution File, Format Version 11.00
# Visual Studio 2008

Project("{AAB185A0-B33D-0141-57E1-519445587D1F}") = "gsd", "Assembly-CSharp.csproj", "{9F5DCE6D-BC36-C856-CC3A-048FB0AFC0F6}"
EndProject
Global
	GlobalSection(SolutionConfigurationPlatforms) = preSolution
		Debug|Any CPU = Debug|Any CPU
		Release|Any CPU = Release|Any CPU
	EndGlobalSection
	GlobalSection(ProjectConfigurationPlatforms) = postSolution
		{9F5DCE6D-BC36-C856-CC3A-048FB0AFC0F6}.Debug|Any CPU.ActiveCfg = Debug|Any CPU
		{9F5DCE6D-BC36-C856-CC3A-048FB0AFC0F6}.Debug|Any CPU.Build.0 = Debug|Any CPU
		{9F5DCE6D-BC36-C856-CC3A-048FB0AFC0F6}.Release|Any CPU.ActiveCfg = Release|Any CPU
		{9F5DCE6D-BC36-C856-CC3A-048FB0AFC0F6}.Release|Any CPU.Build.0 = Release|Any CPU
	EndGlobalSection
	GlobalSection(SolutionProperties) = preSolution
		HideSolutionNode = FALSE
	EndGlobalSection
	GlobalSection(MonoDevelopProperties) = preSolution
		StartupItem = Assembly-CSharp.csproj
	EndGlobalSection
EndGlobal
